{
  "requires": true,
  "lockfileVersion": 1,
  "dependencies": {
    "@types/node": {
      "version": "14.0.18",
      "resolved": "https://registry.npm.taobao.org/@types/node/download/@types/node-14.0.18.tgz?cache=0&sync_timestamp=1594067629829&other_urls=https%3A%2F%2Fregistry.npm.taobao.org%2F%40types%2Fnode%2Fdownload%2F%40types%2Fnode-14.0.18.tgz",
      "integrity": "sha1-URGyKFZZRC+flWlzhqK0K4db1+k=",
      "dev": true
    }
  }
}
